
Microsoft Visual Studio Solution File, Format Version 12.00
# Visual Studio 15
VisualStudioVersion = 15.0.28307.902
MinimumVisualStudioVersion = 10.0.40219.1
Project("{FAE04EC0-301F-11D3-BF4B-00C04F79EFBC}") = "SendDirectMethodCall", "SendDirectMethodCall\SendDirectMethodCall.csproj", "{7AF54335-A05B-4101-AF30-91AB9AEEF5D2}"
EndProject
Project("{FAE04EC0-301F-11D3-BF4B-00C04F79EFBC}") = "PruebaMqttFullCode", "PruebaMqttFullCode\PruebaMqttFullCode.csproj", "{90707745-15C9-47BD-BCB9-799AABFF38E7}"
EndProject
Global
	GlobalSection(SolutionConfigurationPlatforms) = preSolution
		Debug|Any CPU = Debug|Any CPU
		Release|Any CPU = Release|Any CPU
	EndGlobalSection
	GlobalSection(ProjectConfigurationPlatforms) = postSolution
		{7AF54335-A05B-4101-AF30-91AB9AEEF5D2}.Debug|Any CPU.ActiveCfg = Debug|Any CPU
		{7AF54335-A05B-4101-AF30-91AB9AEEF5D2}.Debug|Any CPU.Build.0 = Debug|Any CPU
		{7AF54335-A05B-4101-AF30-91AB9AEEF5D2}.Release|Any CPU.ActiveCfg = Release|Any CPU
		{7AF54335-A05B-4101-AF30-91AB9AEEF5D2}.Release|Any CPU.Build.0 = Release|Any CPU
		{90707745-15C9-47BD-BCB9-799AABFF38E7}.Debug|Any CPU.ActiveCfg = Debug|Any CPU
		{90707745-15C9-47BD-BCB9-799AABFF38E7}.Debug|Any CPU.Build.0 = Debug|Any CPU
		{90707745-15C9-47BD-BCB9-799AABFF38E7}.Release|Any CPU.ActiveCfg = Release|Any CPU
		{90707745-15C9-47BD-BCB9-799AABFF38E7}.Release|Any CPU.Build.0 = Release|Any CPU
	EndGlobalSection
	GlobalSection(SolutionProperties) = preSolution
		HideSolutionNode = FALSE
	EndGlobalSection
	GlobalSection(ExtensibilityGlobals) = postSolution
		SolutionGuid = {430F8442-9CDC-4116-9A06-C422C3D28B82}
	EndGlobalSection
EndGlobal
